// !$*UTF8*$!
{
	archiveVersion = 1;
	classes = {
	};
	objectVersion = 50;
	objects = {

/* Begin PBXBuildFile section */
		50AA7C202182BD2300DD132A /* AppDelegate.m in Sources */ = {isa = PBXBuildFile; fileRef = 50AA7C1F2182BD2300DD132A /* AppDelegate.m */; };
		50AA7C232182BD2300DD132A /* ViewController.m in Sources */ = {isa = PBXBuildFile; fileRef = 50AA7C222182BD2300DD132A /* ViewController.m */; };
		50AA7C262182BD2300DD132A /* Main.storyboard in Resources */ = {isa = PBXBuildFile; fileRef = 50AA7C242182BD2300DD132A /* Main.storyboard */; };
		50AA7C282182BD2B00DD132A /* Assets.xcassets in Resources */ = {isa = PBXBuildFile; fileRef = 50AA7C272182BD2B00DD132A /* Assets.xcassets */; };
		50AA7C2B2182BD2B00DD132A /* LaunchScreen.storyboard in Resources */ = {isa = PBXBuildFile; fileRef = 50AA7C292182BD2B00DD132A /* LaunchScreen.storyboard */; };
		50AA7C2E2182BD2B00DD132A /* main.m in Sources */ = {isa = PBXBuildFile; fileRef = 50AA7C2D2182BD2B00DD132A /* main.m */; };
		50AA7C362182BD8D00DD132A /* ownNavigationViewController.m in Sources */ = {isa = PBXBuildFile; fileRef = 50AA7C352182BD8D00DD132A /* ownNavigationViewController.m */; };
/* End PBXBuildFile section */

/* Begin PBXFileReference section */
		50AA7C1B2182BD2300DD132A /* 测试.app */ = {isa = PBXFileReference; explicitFileType = wrapper.application; includeInIndex = 0; path = "测试.app"; sourceTree = BUILT_PRODUCTS_DIR; };
		50AA7C1E2182BD2300DD132A /* AppDelegate.h */ = {isa = PBXFileReference; lastKnownFileType = sourcecode.c.h; path = AppDelegate.h; sourceTree = "<group>"; };
		50AA7C1F2182BD2300DD132A /* AppDelegate.m */ = {isa = PBXFileReference; lastKnownFileType = sourcecode.c.objc; path = AppDelegate.m; sourceTree = "<group>"; };
		50AA7C212182BD2300DD132A /* ViewController.h */ = {isa = PBXFileReference; lastKnownFileType = sourcecode.c.h; path = ViewController.h; sourceTree = "<group>"; };
		50AA7C222182BD2300DD132A /* ViewController.m */ = {isa = PBXFileReference; lastKnownFileType = sourcecode.c.objc; path = ViewController.m; sourceTree = "<group>"; };
		50AA7C252182BD2300DD132A /* Base */ = {isa = PBXFileReference; lastKnownFileType = file.storyboard; name = Base; path = Base.lproj/Main.storyboard; sourceTree = "<group>"; };
		50AA7C272182BD2B00DD132A /* Assets.xcassets */ = {isa = PBXFileReference; lastKnownFileType = folder.assetcatalog; path = Assets.xcassets; sourceTree = "<group>"; };
		50AA7C2A2182BD2B00DD132A /* Base */ = {isa = PBXFileReference; lastKnownFileType = file.storyboard; name = Base; path = Base.lproj/LaunchScreen.storyboard; sourceTree = "<group>"; };
		50AA7C2C2182BD2B00DD132A /* Info.plist */ = {isa = PBXFileReference; lastKnownFileType = text.plist.xml; path = Info.plist; sourceTree = "<group>"; };
		50AA7C2D2182BD2B00DD132A /* main.m */ = {isa = PBXFileReference; lastKnownFileType = sourcecode.c.objc; path = main.m; sourceTree = "<group>"; };
		50AA7C342182BD8D00DD132A /* ownNavigationViewController.h */ = {isa = PBXFileReference; lastKnownFileType = sourcecode.c.h; path = ownNavigationViewController.h; sourceTree = "<group>"; };
		50AA7C352182BD8D00DD132A /* ownNavigationViewController.m */ = {isa = PBXFileReference; lastKnownFileType = sourcecode.c.objc; path = ownNavigationViewController.m; sourceTree = "<group>"; };
/* End PBXFileReference section */

/* Begin PBXFrameworksBuildPhase section */
		50AA7C182182BD2300DD132A /* Frameworks */ = {
			isa = PBXFrameworksBuildPhase;
			buildActionMask = 2147483647;
			files = (
			);
			runOnlyForDeploymentPostprocessing = 0;
		};
/* End PBXFrameworksBuildPhase section */

/* Begin PBXGroup section */
		50AA7C122182BD2200DD132A = {
			isa = PBXGroup;
			children = (
				50AA7C1D2182BD2300DD132A /* 测试 */,
				50AA7C1C2182BD2300DD132A /* Products */,
			);
			sourceTree = "<group>";
		};
		50AA7C1C2182BD2300DD132A /* Products */ = {
			isa = PBXGroup;
			children = (
				50AA7C1B2182BD2300DD132A /* 测试.app */,
			);
			name = Products;
			sourceTree = "<group>";
		};
		50AA7C1D2182BD2300DD132A /* 测试 */ = {
			isa = PBXGroup;
			children = (
				50AA7C1E2182BD2300DD132A /* AppDelegate.h */,
				50AA7C1F2182BD2300DD132A /* AppDelegate.m */,
				50AA7C212182BD2300DD132A /* ViewController.h */,
				50AA7C222182BD2300DD132A /* ViewController.m */,
				50AA7C242182BD2300DD132A /* Main.storyboard */,
				50AA7C272182BD2B00DD132A /* Assets.xcassets */,
				50AA7C292182BD2B00DD132A /* LaunchScreen.storyboard */,
				50AA7C2C2182BD2B00DD132A /* Info.plist */,
				50AA7C2D2182BD2B00DD132A /* main.m */,
				50AA7C342182BD8D00DD132A /* ownNavigationViewController.h */,
				50AA7C352182BD8D00DD132A /* ownNavigationViewController.m */,
			);
			path = "测试";
			sourceTree = "<group>";
		};
/* End PBXGroup section */

/* Begin PBXNativeTarget section */
		50AA7C1A2182BD2300DD132A /* 测试 */ = {
			isa = PBXNativeTarget;
			buildConfigurationList = 50AA7C312182BD2B00DD132A /* Build configuration list for PBXNativeTarget "测试" */;
			buildPhases = (
				50AA7C172182BD2300DD132A /* Sources */,
				50AA7C182182BD2300DD132A /* Frameworks */,
				50AA7C192182BD2300DD132A /* Resources */,
			);
			buildRules = (
			);
			dependencies = (
			);
			name = "测试";
			productName = "测试";
			productReference = 50AA7C1B2182BD2300DD132A /* 测试.app */;
			productType = "com.apple.product-type.application";
		};
/* End PBXNativeTarget section */

/* Begin PBXProject section */
		50AA7C132182BD2200DD132A /* Project object */ = {
			isa = PBXProject;
			attributes = {
				LastUpgradeCheck = 1000;
				ORGANIZATIONNAME = cuibeihong;
				TargetAttributes = {
					50AA7C1A2182BD2300DD132A = {
						CreatedOnToolsVersion = 10.0;
					};
				};
			};
			buildConfigurationList = 50AA7C162182BD2200DD132A /* Build configuration list for PBXProject "测试" */;
			compatibilityVersion = "Xcode 9.3";
			developmentRegion = en;
			hasScannedForEncodings = 0;
			knownRegions = (
				en,
				Base,
			);
			mainGroup = 50AA7C122182BD2200DD132A;
			productRefGroup = 50AA7C1C2182BD2300DD132A /* Products */;
			projectDirPath = "";
			projectRoot = "";
			targets = (
				50AA7C1A2182BD2300DD132A /* 测试 */,
			);
		};
/* End PBXProject section */

/* Begin PBXResourcesBuildPhase section */
		50AA7C192182BD2300DD132A /* Resources */ = {
			isa = PBXResourcesBuildPhase;
			buildActionMask = 2147483647;
			files = (
				50AA7C2B2182BD2B00DD132A /* LaunchScreen.storyboard in Resources */,
				50AA7C282182BD2B00DD132A /* Assets.xcassets in Resources */,
				50AA7C262182BD2300DD132A /* Main.storyboard in Resources */,
			);
			runOnlyForDeploymentPostprocessing = 0;
		};
/* End PBXResourcesBuildPhase section */

/* Begin PBXSourcesBuildPhase section */
		50AA7C172182BD2300DD132A /* Sources */ = {
			isa = PBXSourcesBuildPhase;
			buildActionMask = 2147483647;
			files = (
				50AA7C232182BD2300DD132A /* ViewController.m in Sources */,
				50AA7C2E2182BD2B00DD132A /* main.m in Sources */,
				50AA7C202182BD2300DD132A /* AppDelegate.m in Sources */,
				50AA7C362182BD8D00DD132A /* ownNavigationViewController.m in Sources */,
			);
			runOnlyForDeploymentPostprocessing = 0;
		};
/* End PBXSourcesBuildPhase section */

/* Begin PBXVariantGroup section */
		50AA7C242182BD2300DD132A /* Main.storyboard */ = {
			isa = PBXVariantGroup;
			children = (
				50AA7C252182BD2300DD132A /* Base */,
			);
			name = Main.storyboard;
			sourceTree = "<group>";
		};
		50AA7C292182BD2B00DD132A /* LaunchScreen.storyboard */ = {
			isa = PBXVariantGroup;
			children = (
				50AA7C2A2182BD2B00DD132A /* Base */,
			);
			name = LaunchScreen.storyboard;
			sourceTree = "<group>";
		};
/* End PBXVariantGroup section */

/* Begin XCBuildConfiguration section */
		50AA7C2F2182BD2B00DD132A /* Debug */ = {
			isa = XCBuildConfiguration;
			buildSettings = {
				ALWAYS_SEARCH_USER_PATHS = NO;
				CLANG_ANALYZER_NONNULL = YES;
				CLANG_ANALYZER_NUMBER_OBJECT_CONVERSION = YES_AGGRESSIVE;
				CLANG_CXX_LANGUAGE_STANDARD = "gnu++14";
				CLANG_CXX_LIBRARY = "libc++";
				CLANG_ENABLE_MODULES = YES;
				CLANG_ENABLE_OBJC_ARC = YES;
				CLANG_ENABLE_OBJC_WEAK = YES;
				CLANG_WARN_BLOCK_CAPTURE_AUTORELEASING = YES;
				CLANG_WARN_BOOL_CONVERSION = YES;
				CLANG_WARN_COMMA = YES;
				CLANG_WARN_CONSTANT_CONVERSION = YES;
				CLANG_WARN_DEPRECATED_OBJC_IMPLEMENTATIONS = YES;
				CLANG_WARN_DIRECT_OBJC_ISA_USAGE = YES_ERROR;
				CLANG_WARN_DOCUMENTATION_COMMENTS = YES;
				CLANG_WARN_EMPTY_BODY = YES;
				CLANG_WARN_ENUM_CONVERSION = YES;
				CLANG_WARN_INFINITE_RECURSION = YES;
				CLANG_WARN_INT_CONVERSION = YES;
				CLANG_WARN_NON_LITERAL_NULL_CONVERSION = YES;
				CLANG_WARN_OBJC_IMPLICIT_RETAIN_SELF = YES;
				CLANG_WARN_OBJC_LITERAL_CONVERSION = YES;
				CLANG_WARN_OBJC_ROOT_CLASS = YES_ERROR;
				CLANG_WARN_RANGE_LOOP_ANALYSIS = YES;
				CLANG_WARN_STRICT_PROTOTYPES = YES;
				CLANG_WARN_SUSPICIOUS_MOVE = YES;
				CLANG_WARN_UNGUARDED_AVAILABILITY = YES_AGGRESSIVE;
				CLANG_WARN_UNREACHABLE_CODE = YES;
				CLANG_WARN__DUPLICATE_METHOD_MATCH = YES;
				CODE_SIGN_IDENTITY = "iPhone Developer";
				COPY_PHASE_STRIP = NO;
				DEBUG_INFORMATION_FORMAT = dwarf;
				ENABLE_STRICT_OBJC_MSGSEND = YES;
				ENABLE_TESTABILITY = YES;
				GCC_C_LANGUAGE_STANDARD = gnu11;
				GCC_DYNAMIC_NO_PIC = NO;
				GCC_NO_COMMON_BLOCKS = YES;
				GCC_OPTIMIZATION_LEVEL = 0;
				GCC_PREPROCESSOR_DEFINITIONS = (
					"DEBUG=1",
					"$(inherited)",
				);
				GCC_WARN_64_TO_32_BIT_CONVERSION = YES;
				GCC_WARN_ABOUT_RETURN_TYPE = YES_ERROR;
				GCC_WARN_UNDECLARED_SELECTOR = YES;
				GCC_WARN_UNINITIALIZED_AUTOS = YES_AGGRESSIVE;
				GCC_WARN_UNUSED_FUNCTION = YES;
				GCC_WARN_UNUSED_VARIABLE = YES;
				IPHONEOS_DEPLOYMENT_TARGET = 12.0;
				MTL_ENABLE_DEBUG_INFO = INCLUDE_SOURCE;
				MTL_FAST_MATH = YES;
				ONLY_ACTIVE_ARCH = YES;
				SDKROOT = iphoneos;
			};
			name = Debug;
		};
		50AA7C302182BD2B00DD132A /* Release */ = {
			isa = XCBuildConfiguration;
			buildSettings = {
				ALWAYS_SEARCH_USER_PATHS = NO;
				CLANG_ANALYZER_NONNULL = YES;
				CLANG_ANALYZER_NUMBER_OBJECT_CONVERSION = YES_AGGRESSIVE;
				CLANG_CXX_LANGUAGE_STANDARD = "gnu++14";
				CLANG_CXX_LIBRARY = "libc++";
				CLANG_ENABLE_MODULES = YES;
				CLANG_ENABLE_OBJC_ARC = YES;
				CLANG_ENABLE_OBJC_WEAK = YES;
				CLANG_WARN_BLOCK_CAPTURE_AUTORELEASING = YES;
				CLANG_WARN_BOOL_CONVERSION = YES;
				CLANG_WARN_COMMA = YES;
				CLANG_WARN_CONSTANT_CONVERSION = YES;
				CLANG_WARN_DEPRECATED_OBJC_IMPLEMENTATIONS = YES;
				CLANG_WARN_DIRECT_OBJC_ISA_USAGE = YES_ERROR;
				CLANG_WARN_DOCUMENTATION_COMMENTS = YES;
				CLANG_WARN_EMPTY_BODY = YES;
				CLANG_WARN_ENUM_CONVERSION = YES;
				CLANG_WARN_INFINITE_RECURSION = YES;
				CLANG_WARN_INT_CONVERSION = YES;
				CLANG_WARN_NON_LITERAL_NULL_CONVERSION = YES;
				CLANG_WARN_OBJC_IMPLICIT_RETAIN_SELF = YES;
				CLANG_WARN_OBJC_LITERAL_CONVERSION = YES;
				CLANG_WARN_OBJC_ROOT_CLASS = YES_ERROR;
				CLANG_WARN_RANGE_LOOP_ANALYSIS = YES;
				CLANG_WARN_STRICT_PROTOTYPES = YES;
				CLANG_WARN_SUSPICIOUS_MOVE = YES;
				CLANG_WARN_UNGUARDED_AVAILABILITY = YES_AGGRESSIVE;
				CLANG_WARN_UNREACHABLE_CODE = YES;
				CLANG_WARN__DUPLICATE_METHOD_MATCH = YES;
				CODE_SIGN_IDENTITY = "iPhone Developer";
				COPY_PHASE_STRIP = NO;
				DEBUG_INFORMATION_FORMAT = "dwarf-with-dsym";
				ENABLE_NS_ASSERTIONS = NO;
				ENABLE_STRICT_OBJC_MSGSEND = YES;
				GCC_C_LANGUAGE_STANDARD = gnu11;
				GCC_NO_COMMON_BLOCKS = YES;
				GCC_WARN_64_TO_32_BIT_CONVERSION = YES;
				GCC_WARN_ABOUT_RETURN_TYPE = YES_ERROR;
				GCC_WARN_UNDECLARED_SELECTOR = YES;
				GCC_WARN_UNINITIALIZED_AUTOS = YES_AGGRESSIVE;
				GCC_WARN_UNUSED_FUNCTION = YES;
				GCC_WARN_UNUSED_VARIABLE = YES;
				IPHONEOS_DEPLOYMENT_TARGET = 12.0;
				MTL_ENABLE_DEBUG_INFO = NO;
				MTL_FAST_MATH = YES;
				SDKROOT = iphoneos;
				VALIDATE_PRODUCT = YES;
			};
			name = Release;
		};
		50AA7C322182BD2B00DD132A /* Debug */ = {
			isa = XCBuildConfiguration;
			buildSettings = {
				ASSETCATALOG_COMPILER_APPICON_NAME = AppIcon;
				CODE_SIGN_STYLE = Automatic;
				INFOPLIST_FILE = "测试/Info.plist";
				LD_RUNPATH_SEARCH_PATHS = (
					"$(inherited)",
					"@executable_path/Frameworks",
				);
				PRODUCT_BUNDLE_IDENTIFIER = "com.huashan.Demo.--";
				PRODUCT_NAME = "$(TARGET_NAME)";
				TARGETED_DEVICE_FAMILY = "1,2";
			};
			name = Debug;
		};
		50AA7C332182BD2B00DD132A /* Release */ = {
			isa = XCBuildConfiguration;
			buildSettings = {
				ASSETCATALOG_COMPILER_APPICON_NAME = AppIcon;
				CODE_SIGN_STYLE = Automatic;
				INFOPLIST_FILE = "测试/Info.plist";
				LD_RUNPATH_SEARCH_PATHS = (
					"$(inherited)",
					"@executable_path/Frameworks",
				);
				PRODUCT_BUNDLE_IDENTIFIER = "com.huashan.Demo.--";
				PRODUCT_NAME = "$(TARGET_NAME)";
				TARGETED_DEVICE_FAMILY = "1,2";
			};
			name = Release;
		};
/* End XCBuildConfiguration section */

/* Begin XCConfigurationList section */
		50AA7C162182BD2200DD132A /* Build configuration list for PBXProject "测试" */ = {
			isa = XCConfigurationList;
			buildConfigurations = (
				50AA7C2F2182BD2B00DD132A /* Debug */,
				50AA7C302182BD2B00DD132A /* Release */,
			);
			defaultConfigurationIsVisible = 0;
			defaultConfigurationName = Release;
		};
		50AA7C312182BD2B00DD132A /* Build configuration list for PBXNativeTarget "测试" */ = {
			isa = XCConfigurationList;
			buildConfigurations = (
				50AA7C322182BD2B00DD132A /* Debug */,
				50AA7C332182BD2B00DD132A /* Release */,
			);
			defaultConfigurationIsVisible = 0;
			defaultConfigurationName = Release;
		};
/* End XCConfigurationList section */
	};
	rootObject = 50AA7C132182BD2200DD132A /* Project object */;
}
